
Microsoft Visual Studio Solution File, Format Version 12.00
# Visual Studio Version 17
VisualStudioVersion = 17.10.35013.160
MinimumVisualStudioVersion = 10.0.40219.1
Project("{8BC9CEB8-8B4A-11D0-8D11-00A0C91BC942}") = "VS22_SenoMasaki_2024T2", "VS22_SenoMasaki_2024T2\VS22_SenoMasaki_2024T2.vcxproj", "{346C6C2C-C4EE-4F3C-BE2E-EF5234EDB4DE}"
EndProject
Global
	GlobalSection(SolutionConfigurationPlatforms) = preSolution
		Debug|x64 = Debug|x64
		Release|x64 = Release|x64
	EndGlobalSection
	GlobalSection(ProjectConfigurationPlatforms) = postSolution
		{346C6C2C-C4EE-4F3C-BE2E-EF5234EDB4DE}.Debug|x64.ActiveCfg = Debug|x64
		{346C6C2C-C4EE-4F3C-BE2E-EF5234EDB4DE}.Debug|x64.Build.0 = Debug|x64
		{346C6C2C-C4EE-4F3C-BE2E-EF5234EDB4DE}.Release|x64.ActiveCfg = Release|x64
		{346C6C2C-C4EE-4F3C-BE2E-EF5234EDB4DE}.Release|x64.Build.0 = Release|x64
	EndGlobalSection
	GlobalSection(SolutionProperties) = preSolution
		HideSolutionNode = FALSE
	EndGlobalSection
	GlobalSection(ExtensibilityGlobals) = postSolution
		SolutionGuid = {17E45E69-7041-4415-B5DA-537D43665460}
	EndGlobalSection
EndGlobal
